
Microsoft Visual Studio Solution File, Format Version 12.00
# Visual Studio Version 16
VisualStudioVersion = 16.0.29215.179
MinimumVisualStudioVersion = 10.0.40219.1
Project("{FAE04EC0-301F-11D3-BF4B-00C04F79EFBC}") = "Banco", "Banco.csproj", "{2AC1AE8E-8B78-419F-A29B-BA0814852A0A}"
EndProject
Global
	GlobalSection(SolutionConfigurationPlatforms) = preSolution
		Debug|Any CPU = Debug|Any CPU
		Release|Any CPU = Release|Any CPU
	EndGlobalSection
	GlobalSection(ProjectConfigurationPlatforms) = postSolution
		{2AC1AE8E-8B78-419F-A29B-BA0814852A0A}.Debug|Any CPU.ActiveCfg = Debug|Any CPU
		{2AC1AE8E-8B78-419F-A29B-BA0814852A0A}.Debug|Any CPU.Build.0 = Debug|Any CPU
		{2AC1AE8E-8B78-419F-A29B-BA0814852A0A}.Release|Any CPU.ActiveCfg = Release|Any CPU
		{2AC1AE8E-8B78-419F-A29B-BA0814852A0A}.Release|Any CPU.Build.0 = Release|Any CPU
	EndGlobalSection
	GlobalSection(SolutionProperties) = preSolution
		HideSolutionNode = FALSE
	EndGlobalSection
	GlobalSection(ExtensibilityGlobals) = postSolution
		SolutionGuid = {2F480E57-C8CC-41D8-9E9C-8487CCCD6185}
	EndGlobalSection
EndGlobal
